
Microsoft Visual Studio Solution File, Format Version 12.00
# Visual Studio 15
VisualStudioVersion = 15.0.26124.0
MinimumVisualStudioVersion = 15.0.26124.0
Project("{2150E333-8FDC-42A3-9474-1A3956D46DE8}") = ".paket", ".paket", "{898C0924-630B-490A-8772-5C0C7742E4BF}"
	ProjectSection(SolutionItems) = preProject
		paket.dependencies = paket.dependencies
	EndProjectSection
EndProject
Project("{2150E333-8FDC-42A3-9474-1A3956D46DE8}") = "src", "src", "{874DC16C-8D46-4409-AB35-8C9531EA0409}"
EndProject
Project("{F2A71F9B-5D33-465A-A702-920D77279786}") = "HtmlToFSharp.Engine", "src\HtmlToFSharp.Engine\HtmlToFSharp.Engine.fsproj", "{6ED9260F-3E91-47C1-9115-2C5AA4A522CD}"
EndProject
Project("{F2A71F9B-5D33-465A-A702-920D77279786}") = "HtmlToFSharp.Tests", "src\HtmlToFSharp.Tests\HtmlToFSharp.Tests.fsproj", "{0AAD5D06-86C0-434C-B5DF-03A4D318185D}"
EndProject
Project("{F2A71F9B-5D33-465A-A702-920D77279786}") = "HtmlToFSharp.Web", "src\HtmlToFSharp.Web\HtmlToFSharp.Web.fsproj", "{44030C67-E55C-478B-872B-D3519772D4FC}"
EndProject
Global
	GlobalSection(SolutionConfigurationPlatforms) = preSolution
		Debug|Any CPU = Debug|Any CPU
		Debug|x64 = Debug|x64
		Debug|x86 = Debug|x86
		Release|Any CPU = Release|Any CPU
		Release|x64 = Release|x64
		Release|x86 = Release|x86
	EndGlobalSection
	GlobalSection(SolutionProperties) = preSolution
		HideSolutionNode = FALSE
	EndGlobalSection
	GlobalSection(ProjectConfigurationPlatforms) = postSolution
		{6ED9260F-3E91-47C1-9115-2C5AA4A522CD}.Debug|Any CPU.ActiveCfg = Debug|Any CPU
		{6ED9260F-3E91-47C1-9115-2C5AA4A522CD}.Debug|Any CPU.Build.0 = Debug|Any CPU
		{6ED9260F-3E91-47C1-9115-2C5AA4A522CD}.Debug|x64.ActiveCfg = Debug|x64
		{6ED9260F-3E91-47C1-9115-2C5AA4A522CD}.Debug|x64.Build.0 = Debug|x64
		{6ED9260F-3E91-47C1-9115-2C5AA4A522CD}.Debug|x86.ActiveCfg = Debug|x86
		{6ED9260F-3E91-47C1-9115-2C5AA4A522CD}.Debug|x86.Build.0 = Debug|x86
		{6ED9260F-3E91-47C1-9115-2C5AA4A522CD}.Release|Any CPU.ActiveCfg = Release|Any CPU
		{6ED9260F-3E91-47C1-9115-2C5AA4A522CD}.Release|Any CPU.Build.0 = Release|Any CPU
		{6ED9260F-3E91-47C1-9115-2C5AA4A522CD}.Release|x64.ActiveCfg = Release|x64
		{6ED9260F-3E91-47C1-9115-2C5AA4A522CD}.Release|x64.Build.0 = Release|x64
		{6ED9260F-3E91-47C1-9115-2C5AA4A522CD}.Release|x86.ActiveCfg = Release|x86
		{6ED9260F-3E91-47C1-9115-2C5AA4A522CD}.Release|x86.Build.0 = Release|x86
		{0AAD5D06-86C0-434C-B5DF-03A4D318185D}.Debug|Any CPU.ActiveCfg = Debug|Any CPU
		{0AAD5D06-86C0-434C-B5DF-03A4D318185D}.Debug|Any CPU.Build.0 = Debug|Any CPU
		{0AAD5D06-86C0-434C-B5DF-03A4D318185D}.Debug|x64.ActiveCfg = Debug|x64
		{0AAD5D06-86C0-434C-B5DF-03A4D318185D}.Debug|x64.Build.0 = Debug|x64
		{0AAD5D06-86C0-434C-B5DF-03A4D318185D}.Debug|x86.ActiveCfg = Debug|x86
		{0AAD5D06-86C0-434C-B5DF-03A4D318185D}.Debug|x86.Build.0 = Debug|x86
		{0AAD5D06-86C0-434C-B5DF-03A4D318185D}.Release|Any CPU.ActiveCfg = Release|Any CPU
		{0AAD5D06-86C0-434C-B5DF-03A4D318185D}.Release|Any CPU.Build.0 = Release|Any CPU
		{0AAD5D06-86C0-434C-B5DF-03A4D318185D}.Release|x64.ActiveCfg = Release|x64
		{0AAD5D06-86C0-434C-B5DF-03A4D318185D}.Release|x64.Build.0 = Release|x64
		{0AAD5D06-86C0-434C-B5DF-03A4D318185D}.Release|x86.ActiveCfg = Release|x86
		{0AAD5D06-86C0-434C-B5DF-03A4D318185D}.Release|x86.Build.0 = Release|x86
		{44030C67-E55C-478B-872B-D3519772D4FC}.Debug|Any CPU.ActiveCfg = Debug|Any CPU
		{44030C67-E55C-478B-872B-D3519772D4FC}.Debug|Any CPU.Build.0 = Debug|Any CPU
		{44030C67-E55C-478B-872B-D3519772D4FC}.Debug|x64.ActiveCfg = Debug|x64
		{44030C67-E55C-478B-872B-D3519772D4FC}.Debug|x64.Build.0 = Debug|x64
		{44030C67-E55C-478B-872B-D3519772D4FC}.Debug|x86.ActiveCfg = Debug|x86
		{44030C67-E55C-478B-872B-D3519772D4FC}.Debug|x86.Build.0 = Debug|x86
		{44030C67-E55C-478B-872B-D3519772D4FC}.Release|Any CPU.ActiveCfg = Release|Any CPU
		{44030C67-E55C-478B-872B-D3519772D4FC}.Release|Any CPU.Build.0 = Release|Any CPU
		{44030C67-E55C-478B-872B-D3519772D4FC}.Release|x64.ActiveCfg = Release|x64
		{44030C67-E55C-478B-872B-D3519772D4FC}.Release|x64.Build.0 = Release|x64
		{44030C67-E55C-478B-872B-D3519772D4FC}.Release|x86.ActiveCfg = Release|x86
		{44030C67-E55C-478B-872B-D3519772D4FC}.Release|x86.Build.0 = Release|x86
	EndGlobalSection
	GlobalSection(NestedProjects) = preSolution
		{6ED9260F-3E91-47C1-9115-2C5AA4A522CD} = {874DC16C-8D46-4409-AB35-8C9531EA0409}
		{0AAD5D06-86C0-434C-B5DF-03A4D318185D} = {874DC16C-8D46-4409-AB35-8C9531EA0409}
		{44030C67-E55C-478B-872B-D3519772D4FC} = {874DC16C-8D46-4409-AB35-8C9531EA0409}
	EndGlobalSection
EndGlobal
